
Microsoft Visual Studio Solution File, Format Version 12.00
# Visual Studio Version 17
VisualStudioVersion = 17.4.33403.182
MinimumVisualStudioVersion = 10.0.40219.1
Project("{FAE04EC0-301F-11D3-BF4B-00C04F79EFBC}") = "TestWinAlexander", "TestWinAlexander.csproj", "{E300855C-3E26-4419-B016-E03C9B439527}"
EndProject
Global
	GlobalSection(SolutionConfigurationPlatforms) = preSolution
		Debug|Any CPU = Debug|Any CPU
		Release|Any CPU = Release|Any CPU
	EndGlobalSection
	GlobalSection(ProjectConfigurationPlatforms) = postSolution
		{E300855C-3E26-4419-B016-E03C9B439527}.Debug|Any CPU.ActiveCfg = Debug|Any CPU
		{E300855C-3E26-4419-B016-E03C9B439527}.Debug|Any CPU.Build.0 = Debug|Any CPU
		{E300855C-3E26-4419-B016-E03C9B439527}.Release|Any CPU.ActiveCfg = Release|Any CPU
		{E300855C-3E26-4419-B016-E03C9B439527}.Release|Any CPU.Build.0 = Release|Any CPU
	EndGlobalSection
	GlobalSection(SolutionProperties) = preSolution
		HideSolutionNode = FALSE
	EndGlobalSection
	GlobalSection(ExtensibilityGlobals) = postSolution
		SolutionGuid = {88A3858A-958F-4B6F-B654-2D713ABB4497}
	EndGlobalSection
EndGlobal
